
Microsoft Visual Studio Solution File, Format Version 12.00
# Visual Studio Version 17
VisualStudioVersion = 17.0.31903.59
MinimumVisualStudioVersion = 10.0.40219.1
Project("{2150E333-8FDC-42A3-9474-1A3956D46DE8}") = "src", "src", "{827E0CD3-B72D-47B6-A68D-7590B98EB39B}"
EndProject
Project("{FAE04EC0-301F-11D3-BF4B-00C04F79EFBC}") = "AChen.Backend.Api", "src\AChen.Backend.Api\AChen.Backend.Api.csproj", "{059F6A68-AF69-431A-A63B-302143AB6B74}"
EndProject
Project("{2150E333-8FDC-42A3-9474-1A3956D46DE8}") = "tests", "tests", "{0AB3BF05-4346-4AA6-1389-037BE0695223}"
EndProject
Project("{FAE04EC0-301F-11D3-BF4B-00C04F79EFBC}") = "AChen.Backend.Api.Tests", "tests\AChen.Backend.Api.Tests\AChen.Backend.Api.Tests.csproj", "{952FC5E7-7C92-41AD-8A5E-181E3FF09670}"
EndProject
Project("{FAE04EC0-301F-11D3-BF4B-00C04F79EFBC}") = "AChen.Duel.Core", "src\AChen.Duel.Core\AChen.Duel.Core.csproj", "{8C8A59BB-C863-43A7-98F2-2EEE91C1B6CA}"
EndProject
Project("{FAE04EC0-301F-11D3-BF4B-00C04F79EFBC}") = "AChen.Duel.Tests", "tests\AChen.Duel.Tests\AChen.Duel.Tests.csproj", "{F3F6584A-329E-4452-9B5C-314AFC46550D}"
EndProject
Global
	GlobalSection(SolutionConfigurationPlatforms) = preSolution
		Debug|Any CPU = Debug|Any CPU
		Debug|x64 = Debug|x64
		Debug|x86 = Debug|x86
		Release|Any CPU = Release|Any CPU
		Release|x64 = Release|x64
		Release|x86 = Release|x86
	EndGlobalSection
	GlobalSection(ProjectConfigurationPlatforms) = postSolution
		{059F6A68-AF69-431A-A63B-302143AB6B74}.Debug|Any CPU.ActiveCfg = Debug|Any CPU
		{059F6A68-AF69-431A-A63B-302143AB6B74}.Debug|Any CPU.Build.0 = Debug|Any CPU
		{059F6A68-AF69-431A-A63B-302143AB6B74}.Debug|x64.ActiveCfg = Debug|Any CPU
		{059F6A68-AF69-431A-A63B-302143AB6B74}.Debug|x64.Build.0 = Debug|Any CPU
		{059F6A68-AF69-431A-A63B-302143AB6B74}.Debug|x86.ActiveCfg = Debug|Any CPU
		{059F6A68-AF69-431A-A63B-302143AB6B74}.Debug|x86.Build.0 = Debug|Any CPU
		{059F6A68-AF69-431A-A63B-302143AB6B74}.Release|Any CPU.ActiveCfg = Release|Any CPU
		{059F6A68-AF69-431A-A63B-302143AB6B74}.Release|Any CPU.Build.0 = Release|Any CPU
		{059F6A68-AF69-431A-A63B-302143AB6B74}.Release|x64.ActiveCfg = Release|Any CPU
		{059F6A68-AF69-431A-A63B-302143AB6B74}.Release|x64.Build.0 = Release|Any CPU
		{059F6A68-AF69-431A-A63B-302143AB6B74}.Release|x86.ActiveCfg = Release|Any CPU
		{059F6A68-AF69-431A-A63B-302143AB6B74}.Release|x86.Build.0 = Release|Any CPU
		{952FC5E7-7C92-41AD-8A5E-181E3FF09670}.Debug|Any CPU.ActiveCfg = Debug|Any CPU
		{952FC5E7-7C92-41AD-8A5E-181E3FF09670}.Debug|Any CPU.Build.0 = Debug|Any CPU
		{952FC5E7-7C92-41AD-8A5E-181E3FF09670}.Debug|x64.ActiveCfg = Debug|Any CPU
		{952FC5E7-7C92-41AD-8A5E-181E3FF09670}.Debug|x64.Build.0 = Debug|Any CPU
		{952FC5E7-7C92-41AD-8A5E-181E3FF09670}.Debug|x86.ActiveCfg = Debug|Any CPU
		{952FC5E7-7C92-41AD-8A5E-181E3FF09670}.Debug|x86.Build.0 = Debug|Any CPU
		{952FC5E7-7C92-41AD-8A5E-181E3FF09670}.Release|Any CPU.ActiveCfg = Release|Any CPU
		{952FC5E7-7C92-41AD-8A5E-181E3FF09670}.Release|Any CPU.Build.0 = Release|Any CPU
		{952FC5E7-7C92-41AD-8A5E-181E3FF09670}.Release|x64.ActiveCfg = Release|Any CPU
		{952FC5E7-7C92-41AD-8A5E-181E3FF09670}.Release|x64.Build.0 = Release|Any CPU
		{952FC5E7-7C92-41AD-8A5E-181E3FF09670}.Release|x86.ActiveCfg = Release|Any CPU
		{952FC5E7-7C92-41AD-8A5E-181E3FF09670}.Release|x86.Build.0 = Release|Any CPU
		{8C8A59BB-C863-43A7-98F2-2EEE91C1B6CA}.Debug|Any CPU.ActiveCfg = Debug|Any CPU
		{8C8A59BB-C863-43A7-98F2-2EEE91C1B6CA}.Debug|Any CPU.Build.0 = Debug|Any CPU
		{8C8A59BB-C863-43A7-98F2-2EEE91C1B6CA}.Debug|x64.ActiveCfg = Debug|Any CPU
		{8C8A59BB-C863-43A7-98F2-2EEE91C1B6CA}.Debug|x64.Build.0 = Debug|Any CPU
		{8C8A59BB-C863-43A7-98F2-2EEE91C1B6CA}.Debug|x86.ActiveCfg = Debug|Any CPU
		{8C8A59BB-C863-43A7-98F2-2EEE91C1B6CA}.Debug|x86.Build.0 = Debug|Any CPU
		{8C8A59BB-C863-43A7-98F2-2EEE91C1B6CA}.Release|Any CPU.ActiveCfg = Release|Any CPU
		{8C8A59BB-C863-43A7-98F2-2EEE91C1B6CA}.Release|Any CPU.Build.0 = Release|Any CPU
		{8C8A59BB-C863-43A7-98F2-2EEE91C1B6CA}.Release|x64.ActiveCfg = Release|Any CPU
		{8C8A59BB-C863-43A7-98F2-2EEE91C1B6CA}.Release|x64.Build.0 = Release|Any CPU
		{8C8A59BB-C863-43A7-98F2-2EEE91C1B6CA}.Release|x86.ActiveCfg = Release|Any CPU
		{8C8A59BB-C863-43A7-98F2-2EEE91C1B6CA}.Release|x86.Build.0 = Release|Any CPU
		{F3F6584A-329E-4452-9B5C-314AFC46550D}.Debug|Any CPU.ActiveCfg = Debug|Any CPU
		{F3F6584A-329E-4452-9B5C-314AFC46550D}.Debug|Any CPU.Build.0 = Debug|Any CPU
		{F3F6584A-329E-4452-9B5C-314AFC46550D}.Debug|x64.ActiveCfg = Debug|Any CPU
		{F3F6584A-329E-4452-9B5C-314AFC46550D}.Debug|x64.Build.0 = Debug|Any CPU
		{F3F6584A-329E-4452-9B5C-314AFC46550D}.Debug|x86.ActiveCfg = Debug|Any CPU
		{F3F6584A-329E-4452-9B5C-314AFC46550D}.Debug|x86.Build.0 = Debug|Any CPU
		{F3F6584A-329E-4452-9B5C-314AFC46550D}.Release|Any CPU.ActiveCfg = Release|Any CPU
		{F3F6584A-329E-4452-9B5C-314AFC46550D}.Release|Any CPU.Build.0 = Release|Any CPU
		{F3F6584A-329E-4452-9B5C-314AFC46550D}.Release|x64.ActiveCfg = Release|Any CPU
		{F3F6584A-329E-4452-9B5C-314AFC46550D}.Release|x64.Build.0 = Release|Any CPU
		{F3F6584A-329E-4452-9B5C-314AFC46550D}.Release|x86.ActiveCfg = Release|Any CPU
		{F3F6584A-329E-4452-9B5C-314AFC46550D}.Release|x86.Build.0 = Release|Any CPU
	EndGlobalSection
	GlobalSection(SolutionProperties) = preSolution
		HideSolutionNode = FALSE
	EndGlobalSection
	GlobalSection(NestedProjects) = preSolution
		{059F6A68-AF69-431A-A63B-302143AB6B74} = {827E0CD3-B72D-47B6-A68D-7590B98EB39B}
		{952FC5E7-7C92-41AD-8A5E-181E3FF09670} = {0AB3BF05-4346-4AA6-1389-037BE0695223}
		{8C8A59BB-C863-43A7-98F2-2EEE91C1B6CA} = {827E0CD3-B72D-47B6-A68D-7590B98EB39B}
		{F3F6584A-329E-4452-9B5C-314AFC46550D} = {0AB3BF05-4346-4AA6-1389-037BE0695223}
	EndGlobalSection
EndGlobal
